
Microsoft Visual Studio Solution File, Format Version 10.00
# Visual Studio 2008
Project("{8BC9CEB8-8B4A-11D0-8D11-00A0C91BC942}") = "mgpuselect", "mgpuselect\mgpuselect.vcproj", "{FDC9C494-3AC2-493B-9CE5-FE34FAAD0E09}"
EndProject
Project("{8BC9CEB8-8B4A-11D0-8D11-00A0C91BC942}") = "selecttest", "selecttest\selecttest.vcproj", "{1775F237-8109-463F-B799-64C81CD4AB84}"
	ProjectSection(ProjectDependencies) = postProject
		{FDC9C494-3AC2-493B-9CE5-FE34FAAD0E09} = {FDC9C494-3AC2-493B-9CE5-FE34FAAD0E09}
	EndProjectSection
EndProject
Global
	GlobalSection(SolutionConfigurationPlatforms) = preSolution
		Debug|Win32 = Debug|Win32
		Release|Win32 = Release|Win32
	EndGlobalSection
	GlobalSection(ProjectConfigurationPlatforms) = postSolution
		{FDC9C494-3AC2-493B-9CE5-FE34FAAD0E09}.Debug|Win32.ActiveCfg = Debug|Win32
		{FDC9C494-3AC2-493B-9CE5-FE34FAAD0E09}.Debug|Win32.Build.0 = Debug|Win32
		{FDC9C494-3AC2-493B-9CE5-FE34FAAD0E09}.Release|Win32.ActiveCfg = Release|Win32
		{FDC9C494-3AC2-493B-9CE5-FE34FAAD0E09}.Release|Win32.Build.0 = Release|Win32
		{1775F237-8109-463F-B799-64C81CD4AB84}.Debug|Win32.ActiveCfg = Debug|Win32
		{1775F237-8109-463F-B799-64C81CD4AB84}.Debug|Win32.Build.0 = Debug|Win32
		{1775F237-8109-463F-B799-64C81CD4AB84}.Release|Win32.ActiveCfg = Release|Win32
		{1775F237-8109-463F-B799-64C81CD4AB84}.Release|Win32.Build.0 = Release|Win32
	EndGlobalSection
	GlobalSection(SolutionProperties) = preSolution
		HideSolutionNode = FALSE
	EndGlobalSection
EndGlobal
