
Microsoft Visual Studio Solution File, Format Version 10.00
# Visual Studio 2008
Project("{8BC9CEB8-8B4A-11D0-8D11-00A0C91BC942}") = "sparse", "sparse\sparse.vcproj", "{9AC3364F-1224-4A5B-9F5E-1FDEEED5768C}"
EndProject
Project("{8BC9CEB8-8B4A-11D0-8D11-00A0C91BC942}") = "mgpusparse", "mgpusparse\mgpusparse.vcproj", "{30A5D7EB-2B78-4C87-BC89-6D22F05BF235}"
EndProject
Project("{8BC9CEB8-8B4A-11D0-8D11-00A0C91BC942}") = "sparsetest", "sparsetest\sparsetest.vcproj", "{F5635319-CCDD-4404-B67C-3B61B10CF8C6}"
	ProjectSection(ProjectDependencies) = postProject
		{30A5D7EB-2B78-4C87-BC89-6D22F05BF235} = {30A5D7EB-2B78-4C87-BC89-6D22F05BF235}
	EndProjectSection
EndProject
Project("{2150E333-8FDC-42A3-9474-1A3956D46DE8}") = "Solution Items", "Solution Items", "{50DEE165-C880-417D-9655-306E7E4745A4}"
	ProjectSection(SolutionItems) = preProject
		TextFile1.txt = TextFile1.txt
	EndProjectSection
EndProject
Project("{8BC9CEB8-8B4A-11D0-8D11-00A0C91BC942}") = "sparsefigures", "sparsefigures\sparsefigures.vcproj", "{AF6F4C53-1324-4B43-BE6F-8D006E031028}"
EndProject
Global
	GlobalSection(SolutionConfigurationPlatforms) = preSolution
		Debug|Win32 = Debug|Win32
		Release|Win32 = Release|Win32
	EndGlobalSection
	GlobalSection(ProjectConfigurationPlatforms) = postSolution
		{9AC3364F-1224-4A5B-9F5E-1FDEEED5768C}.Debug|Win32.ActiveCfg = Debug|Win32
		{9AC3364F-1224-4A5B-9F5E-1FDEEED5768C}.Debug|Win32.Build.0 = Debug|Win32
		{9AC3364F-1224-4A5B-9F5E-1FDEEED5768C}.Release|Win32.ActiveCfg = Release|Win32
		{30A5D7EB-2B78-4C87-BC89-6D22F05BF235}.Debug|Win32.ActiveCfg = Debug|Win32
		{30A5D7EB-2B78-4C87-BC89-6D22F05BF235}.Debug|Win32.Build.0 = Debug|Win32
		{30A5D7EB-2B78-4C87-BC89-6D22F05BF235}.Release|Win32.ActiveCfg = Release|Win32
		{30A5D7EB-2B78-4C87-BC89-6D22F05BF235}.Release|Win32.Build.0 = Release|Win32
		{F5635319-CCDD-4404-B67C-3B61B10CF8C6}.Debug|Win32.ActiveCfg = Debug|Win32
		{F5635319-CCDD-4404-B67C-3B61B10CF8C6}.Debug|Win32.Build.0 = Debug|Win32
		{F5635319-CCDD-4404-B67C-3B61B10CF8C6}.Release|Win32.ActiveCfg = Release|Win32
		{F5635319-CCDD-4404-B67C-3B61B10CF8C6}.Release|Win32.Build.0 = Release|Win32
		{AF6F4C53-1324-4B43-BE6F-8D006E031028}.Debug|Win32.ActiveCfg = Debug|Win32
		{AF6F4C53-1324-4B43-BE6F-8D006E031028}.Debug|Win32.Build.0 = Debug|Win32
		{AF6F4C53-1324-4B43-BE6F-8D006E031028}.Release|Win32.ActiveCfg = Release|Win32
		{AF6F4C53-1324-4B43-BE6F-8D006E031028}.Release|Win32.Build.0 = Release|Win32
	EndGlobalSection
	GlobalSection(SolutionProperties) = preSolution
		HideSolutionNode = FALSE
	EndGlobalSection
EndGlobal
