
Microsoft Visual Studio Solution File, Format Version 10.00
# Visual Studio 2008
Project("{8BC9CEB8-8B4A-11D0-8D11-00A0C91BC942}") = "mgpusparse", "mgpusparse\mgpusparse.vcproj", "{9DDD2525-95CF-444F-AEE1-3E814FCF87DC}"
EndProject
Project("{2150E333-8FDC-42A3-9474-1A3956D46DE8}") = "kernels", "kernels", "{C42A0060-322C-4E65-B898-88FCFA95552D}"
	ProjectSection(SolutionItems) = preProject
		..\src\kernels\finalize.cu = ..\src\kernels\finalize.cu
		..\src\kernels\spmxv.cu = ..\src\kernels\spmxv.cu
		..\src\kernels\spmxvgen.cu = ..\src\kernels\spmxvgen.cu
	EndProjectSection
EndProject
Project("{8BC9CEB8-8B4A-11D0-8D11-00A0C91BC942}") = "sparsetest", "sparsetest\sparsetest.vcproj", "{F12B9F0E-530D-48B7-9AF7-2732803493A5}"
	ProjectSection(ProjectDependencies) = postProject
		{9DDD2525-95CF-444F-AEE1-3E814FCF87DC} = {9DDD2525-95CF-444F-AEE1-3E814FCF87DC}
	EndProjectSection
EndProject
Global
	GlobalSection(SolutionConfigurationPlatforms) = preSolution
		Debug|Win32 = Debug|Win32
		Release|Win32 = Release|Win32
	EndGlobalSection
	GlobalSection(ProjectConfigurationPlatforms) = postSolution
		{9DDD2525-95CF-444F-AEE1-3E814FCF87DC}.Debug|Win32.ActiveCfg = Debug|Win32
		{9DDD2525-95CF-444F-AEE1-3E814FCF87DC}.Debug|Win32.Build.0 = Debug|Win32
		{9DDD2525-95CF-444F-AEE1-3E814FCF87DC}.Release|Win32.ActiveCfg = Release|Win32
		{9DDD2525-95CF-444F-AEE1-3E814FCF87DC}.Release|Win32.Build.0 = Release|Win32
		{F12B9F0E-530D-48B7-9AF7-2732803493A5}.Debug|Win32.ActiveCfg = Debug|Win32
		{F12B9F0E-530D-48B7-9AF7-2732803493A5}.Debug|Win32.Build.0 = Debug|Win32
		{F12B9F0E-530D-48B7-9AF7-2732803493A5}.Release|Win32.ActiveCfg = Release|Win32
		{F12B9F0E-530D-48B7-9AF7-2732803493A5}.Release|Win32.Build.0 = Release|Win32
	EndGlobalSection
	GlobalSection(SolutionProperties) = preSolution
		HideSolutionNode = FALSE
	EndGlobalSection
EndGlobal
